// !$*UTF8*$!
{
	archiveVersion = 1;
	classes = {
	};
	objectVersion = 51;
	objects = {

/* Begin PBXBuildFile section */
		DD147EDD235539AA00E04BDF /* AppDelegate.swift in Sources */ = {isa = PBXBuildFile; fileRef = DD147EDC235539AA00E04BDF /* AppDelegate.swift */; };
		DD147EE4235539AB00E04BDF /* Assets.xcassets in Resources */ = {isa = PBXBuildFile; fileRef = DD147EE3235539AB00E04BDF /* Assets.xcassets */; };
		DD147EE7235539AB00E04BDF /* LaunchScreen.storyboard in Resources */ = {isa = PBXBuildFile; fileRef = DD147EE5235539AB00E04BDF /* LaunchScreen.storyboard */; };
		DD147F7C2355587F00E04BDF /* Core.framework in Frameworks */ = {isa = PBXBuildFile; fileRef = DD147F7B2355587F00E04BDF /* Core.framework */; };
		DD147F7E2355587F00E04BDF /* PlayerList.framework in Frameworks */ = {isa = PBXBuildFile; fileRef = DD147F7D2355587F00E04BDF /* PlayerList.framework */; };
		DD147F802355587F00E04BDF /* Services.framework in Frameworks */ = {isa = PBXBuildFile; fileRef = DD147F7F2355587F00E04BDF /* Services.framework */; };
		DD147FD2235598B200E04BDF /* PlayerDetail.framework in Frameworks */ = {isa = PBXBuildFile; fileRef = DD147FD1235598B200E04BDF /* PlayerDetail.framework */; };
		DD147FD3235598B200E04BDF /* PlayerDetail.framework in Embed Frameworks */ = {isa = PBXBuildFile; fileRef = DD147FD1235598B200E04BDF /* PlayerDetail.framework */; settings = {ATTRIBUTES = (CodeSignOnCopy, RemoveHeadersOnCopy, ); }; };
		FBF8C5736832B5BD98A81882 /* Pods_MVPTest.framework in Frameworks */ = {isa = PBXBuildFile; fileRef = 8F6B0CDCC2ADBEE917620BE3 /* Pods_MVPTest.framework */; };
/* End PBXBuildFile section */

/* Begin PBXCopyFilesBuildPhase section */
		DD147F0623553AD500E04BDF /* Embed Frameworks */ = {
			isa = PBXCopyFilesBuildPhase;
			buildActionMask = 2147483647;
			dstPath = "";
			dstSubfolderSpec = 10;
			files = (
				DD147FD3235598B200E04BDF /* PlayerDetail.framework in Embed Frameworks */,
			);
			name = "Embed Frameworks";
			runOnlyForDeploymentPostprocessing = 0;
		};
/* End PBXCopyFilesBuildPhase section */

/* Begin PBXFileReference section */
		3FB84CC64CDB2652724F1BE3 /* Pods-MVPTest.debug.xcconfig */ = {isa = PBXFileReference; includeInIndex = 1; lastKnownFileType = text.xcconfig; name = "Pods-MVPTest.debug.xcconfig"; path = "Target Support Files/Pods-MVPTest/Pods-MVPTest.debug.xcconfig"; sourceTree = "<group>"; };
		8F6B0CDCC2ADBEE917620BE3 /* Pods_MVPTest.framework */ = {isa = PBXFileReference; explicitFileType = wrapper.framework; includeInIndex = 0; path = Pods_MVPTest.framework; sourceTree = BUILT_PRODUCTS_DIR; };
		D6CF0C9A6BDE51EBB7904704 /* Pods-MVPTest.release.xcconfig */ = {isa = PBXFileReference; includeInIndex = 1; lastKnownFileType = text.xcconfig; name = "Pods-MVPTest.release.xcconfig"; path = "Target Support Files/Pods-MVPTest/Pods-MVPTest.release.xcconfig"; sourceTree = "<group>"; };
		DD147ED9235539AA00E04BDF /* MVPTest.app */ = {isa = PBXFileReference; explicitFileType = wrapper.application; includeInIndex = 0; path = MVPTest.app; sourceTree = BUILT_PRODUCTS_DIR; };
		DD147EDC235539AA00E04BDF /* AppDelegate.swift */ = {isa = PBXFileReference; lastKnownFileType = sourcecode.swift; path = AppDelegate.swift; sourceTree = "<group>"; };
		DD147EE3235539AB00E04BDF /* Assets.xcassets */ = {isa = PBXFileReference; lastKnownFileType = folder.assetcatalog; path = Assets.xcassets; sourceTree = "<group>"; };
		DD147EE6235539AB00E04BDF /* Base */ = {isa = PBXFileReference; lastKnownFileType = file.storyboard; name = Base; path = Base.lproj/LaunchScreen.storyboard; sourceTree = "<group>"; };
		DD147EE8235539AB00E04BDF /* Info.plist */ = {isa = PBXFileReference; lastKnownFileType = text.plist.xml; path = Info.plist; sourceTree = "<group>"; };
		DD147F7B2355587F00E04BDF /* Core.framework */ = {isa = PBXFileReference; explicitFileType = wrapper.framework; path = Core.framework; sourceTree = BUILT_PRODUCTS_DIR; };
		DD147F7D2355587F00E04BDF /* PlayerList.framework */ = {isa = PBXFileReference; explicitFileType = wrapper.framework; path = PlayerList.framework; sourceTree = BUILT_PRODUCTS_DIR; };
		DD147F7F2355587F00E04BDF /* Services.framework */ = {isa = PBXFileReference; explicitFileType = wrapper.framework; path = Services.framework; sourceTree = BUILT_PRODUCTS_DIR; };
		DD147FD1235598B200E04BDF /* PlayerDetail.framework */ = {isa = PBXFileReference; explicitFileType = wrapper.framework; path = PlayerDetail.framework; sourceTree = BUILT_PRODUCTS_DIR; };
/* End PBXFileReference section */

/* Begin PBXFrameworksBuildPhase section */
		DD147ED6235539AA00E04BDF /* Frameworks */ = {
			isa = PBXFrameworksBuildPhase;
			buildActionMask = 2147483647;
			files = (
				DD147FD2235598B200E04BDF /* PlayerDetail.framework in Frameworks */,
				DD147F7C2355587F00E04BDF /* Core.framework in Frameworks */,
				DD147F7E2355587F00E04BDF /* PlayerList.framework in Frameworks */,
				DD147F802355587F00E04BDF /* Services.framework in Frameworks */,
				FBF8C5736832B5BD98A81882 /* Pods_MVPTest.framework in Frameworks */,
			);
			runOnlyForDeploymentPostprocessing = 0;
		};
/* End PBXFrameworksBuildPhase section */

/* Begin PBXGroup section */
		7A053103523C09DBD11B1C08 /* Pods */ = {
			isa = PBXGroup;
			children = (
				3FB84CC64CDB2652724F1BE3 /* Pods-MVPTest.debug.xcconfig */,
				D6CF0C9A6BDE51EBB7904704 /* Pods-MVPTest.release.xcconfig */,
			);
			path = Pods;
			sourceTree = "<group>";
		};
		C8D54892BAD14BD42D726782 /* Frameworks */ = {
			isa = PBXGroup;
			children = (
				DD147FD1235598B200E04BDF /* PlayerDetail.framework */,
				DD147F7B2355587F00E04BDF /* Core.framework */,
				DD147F7D2355587F00E04BDF /* PlayerList.framework */,
				DD147F7F2355587F00E04BDF /* Services.framework */,
				8F6B0CDCC2ADBEE917620BE3 /* Pods_MVPTest.framework */,
			);
			name = Frameworks;
			sourceTree = "<group>";
		};
		DD147ED0235539AA00E04BDF = {
			isa = PBXGroup;
			children = (
				DD147EDB235539AA00E04BDF /* MVPTest */,
				DD147EDA235539AA00E04BDF /* Products */,
				7A053103523C09DBD11B1C08 /* Pods */,
				C8D54892BAD14BD42D726782 /* Frameworks */,
			);
			sourceTree = "<group>";
		};
		DD147EDA235539AA00E04BDF /* Products */ = {
			isa = PBXGroup;
			children = (
				DD147ED9235539AA00E04BDF /* MVPTest.app */,
			);
			name = Products;
			sourceTree = "<group>";
		};
		DD147EDB235539AA00E04BDF /* MVPTest */ = {
			isa = PBXGroup;
			children = (
				DD147EDC235539AA00E04BDF /* AppDelegate.swift */,
				DD147EE3235539AB00E04BDF /* Assets.xcassets */,
				DD147EE5235539AB00E04BDF /* LaunchScreen.storyboard */,
				DD147EE8235539AB00E04BDF /* Info.plist */,
			);
			path = MVPTest;
			sourceTree = "<group>";
		};
/* End PBXGroup section */

/* Begin PBXNativeTarget section */
		DD147ED8235539AA00E04BDF /* MVPTest */ = {
			isa = PBXNativeTarget;
			buildConfigurationList = DD147EEB235539AB00E04BDF /* Build configuration list for PBXNativeTarget "MVPTest" */;
			buildPhases = (
				B6A8439C490E403901FE275D /* [CP] Check Pods Manifest.lock */,
				DD147ED5235539AA00E04BDF /* Sources */,
				DD147ED6235539AA00E04BDF /* Frameworks */,
				DD147ED7235539AA00E04BDF /* Resources */,
				DD147F0623553AD500E04BDF /* Embed Frameworks */,
				76834D7C05F0D7F1B19044A4 /* [CP] Embed Pods Frameworks */,
			);
			buildRules = (
			);
			dependencies = (
			);
			name = MVPTest;
			productName = MVPTest;
			productReference = DD147ED9235539AA00E04BDF /* MVPTest.app */;
			productType = "com.apple.product-type.application";
		};
/* End PBXNativeTarget section */

/* Begin PBXProject section */
		DD147ED1235539AA00E04BDF /* Project object */ = {
			isa = PBXProject;
			attributes = {
				LastSwiftUpdateCheck = 1020;
				LastUpgradeCheck = 1020;
				ORGANIZATIONNAME = "Miguel Roncallo";
				TargetAttributes = {
					DD147ED8235539AA00E04BDF = {
						CreatedOnToolsVersion = 10.2.1;
					};
				};
			};
			buildConfigurationList = DD147ED4235539AA00E04BDF /* Build configuration list for PBXProject "MVPTest" */;
			compatibilityVersion = "Xcode 9.3";
			developmentRegion = en;
			hasScannedForEncodings = 0;
			knownRegions = (
				en,
				Base,
			);
			mainGroup = DD147ED0235539AA00E04BDF;
			productRefGroup = DD147EDA235539AA00E04BDF /* Products */;
			projectDirPath = "";
			projectRoot = "";
			targets = (
				DD147ED8235539AA00E04BDF /* MVPTest */,
			);
		};
/* End PBXProject section */

/* Begin PBXResourcesBuildPhase section */
		DD147ED7235539AA00E04BDF /* Resources */ = {
			isa = PBXResourcesBuildPhase;
			buildActionMask = 2147483647;
			files = (
				DD147EE7235539AB00E04BDF /* LaunchScreen.storyboard in Resources */,
				DD147EE4235539AB00E04BDF /* Assets.xcassets in Resources */,
			);
			runOnlyForDeploymentPostprocessing = 0;
		};
/* End PBXResourcesBuildPhase section */

/* Begin PBXShellScriptBuildPhase section */
		76834D7C05F0D7F1B19044A4 /* [CP] Embed Pods Frameworks */ = {
			isa = PBXShellScriptBuildPhase;
			buildActionMask = 2147483647;
			files = (
			);
			inputFileListPaths = (
				"${PODS_ROOT}/Target Support Files/Pods-MVPTest/Pods-MVPTest-frameworks-${CONFIGURATION}-input-files.xcfilelist",
			);
			name = "[CP] Embed Pods Frameworks";
			outputFileListPaths = (
				"${PODS_ROOT}/Target Support Files/Pods-MVPTest/Pods-MVPTest-frameworks-${CONFIGURATION}-output-files.xcfilelist",
			);
			runOnlyForDeploymentPostprocessing = 0;
			shellPath = /bin/sh;
			shellScript = "\"${PODS_ROOT}/Target Support Files/Pods-MVPTest/Pods-MVPTest-frameworks.sh\"\n";
			showEnvVarsInLog = 0;
		};
		B6A8439C490E403901FE275D /* [CP] Check Pods Manifest.lock */ = {
			isa = PBXShellScriptBuildPhase;
			buildActionMask = 2147483647;
			files = (
			);
			inputFileListPaths = (
			);
			inputPaths = (
				"${PODS_PODFILE_DIR_PATH}/Podfile.lock",
				"${PODS_ROOT}/Manifest.lock",
			);
			name = "[CP] Check Pods Manifest.lock";
			outputFileListPaths = (
			);
			outputPaths = (
				"$(DERIVED_FILE_DIR)/Pods-MVPTest-checkManifestLockResult.txt",
			);
			runOnlyForDeploymentPostprocessing = 0;
			shellPath = /bin/sh;
			shellScript = "diff \"${PODS_PODFILE_DIR_PATH}/Podfile.lock\" \"${PODS_ROOT}/Manifest.lock\" > /dev/null\nif [ $? != 0 ] ; then\n    # print error to STDERR\n    echo \"error: The sandbox is not in sync with the Podfile.lock. Run 'pod install' or update your CocoaPods installation.\" >&2\n    exit 1\nfi\n# This output is used by Xcode 'outputs' to avoid re-running this script phase.\necho \"SUCCESS\" > \"${SCRIPT_OUTPUT_FILE_0}\"\n";
			showEnvVarsInLog = 0;
		};
/* End PBXShellScriptBuildPhase section */

/* Begin PBXSourcesBuildPhase section */
		DD147ED5235539AA00E04BDF /* Sources */ = {
			isa = PBXSourcesBuildPhase;
			buildActionMask = 2147483647;
			files = (
				DD147EDD235539AA00E04BDF /* AppDelegate.swift in Sources */,
			);
			runOnlyForDeploymentPostprocessing = 0;
		};
/* End PBXSourcesBuildPhase section */

/* Begin PBXVariantGroup section */
		DD147EE5235539AB00E04BDF /* LaunchScreen.storyboard */ = {
			isa = PBXVariantGroup;
			children = (
				DD147EE6235539AB00E04BDF /* Base */,
			);
			name = LaunchScreen.storyboard;
			sourceTree = "<group>";
		};
/* End PBXVariantGroup section */

/* Begin XCBuildConfiguration section */
		DD147EE9235539AB00E04BDF /* Debug */ = {
			isa = XCBuildConfiguration;
			buildSettings = {
				ALWAYS_SEARCH_USER_PATHS = NO;
				CLANG_ANALYZER_NONNULL = YES;
				CLANG_ANALYZER_NUMBER_OBJECT_CONVERSION = YES_AGGRESSIVE;
				CLANG_CXX_LANGUAGE_STANDARD = "gnu++14";
				CLANG_CXX_LIBRARY = "libc++";
				CLANG_ENABLE_MODULES = YES;
				CLANG_ENABLE_OBJC_ARC = YES;
				CLANG_ENABLE_OBJC_WEAK = YES;
				CLANG_WARN_BLOCK_CAPTURE_AUTORELEASING = YES;
				CLANG_WARN_BOOL_CONVERSION = YES;
				CLANG_WARN_COMMA = YES;
				CLANG_WARN_CONSTANT_CONVERSION = YES;
				CLANG_WARN_DEPRECATED_OBJC_IMPLEMENTATIONS = YES;
				CLANG_WARN_DIRECT_OBJC_ISA_USAGE = YES_ERROR;
				CLANG_WARN_DOCUMENTATION_COMMENTS = YES;
				CLANG_WARN_EMPTY_BODY = YES;
				CLANG_WARN_ENUM_CONVERSION = YES;
				CLANG_WARN_INFINITE_RECURSION = YES;
				CLANG_WARN_INT_CONVERSION = YES;
				CLANG_WARN_NON_LITERAL_NULL_CONVERSION = YES;
				CLANG_WARN_OBJC_IMPLICIT_RETAIN_SELF = YES;
				CLANG_WARN_OBJC_LITERAL_CONVERSION = YES;
				CLANG_WARN_OBJC_ROOT_CLASS = YES_ERROR;
				CLANG_WARN_RANGE_LOOP_ANALYSIS = YES;
				CLANG_WARN_STRICT_PROTOTYPES = YES;
				CLANG_WARN_SUSPICIOUS_MOVE = YES;
				CLANG_WARN_UNGUARDED_AVAILABILITY = YES_AGGRESSIVE;
				CLANG_WARN_UNREACHABLE_CODE = YES;
				CLANG_WARN__DUPLICATE_METHOD_MATCH = YES;
				CODE_SIGN_IDENTITY = "iPhone Developer";
				COPY_PHASE_STRIP = NO;
				DEBUG_INFORMATION_FORMAT = dwarf;
				ENABLE_STRICT_OBJC_MSGSEND = YES;
				ENABLE_TESTABILITY = YES;
				GCC_C_LANGUAGE_STANDARD = gnu11;
				GCC_DYNAMIC_NO_PIC = NO;
				GCC_NO_COMMON_BLOCKS = YES;
				GCC_OPTIMIZATION_LEVEL = 0;
				GCC_PREPROCESSOR_DEFINITIONS = (
					"DEBUG=1",
					"$(inherited)",
				);
				GCC_WARN_64_TO_32_BIT_CONVERSION = YES;
				GCC_WARN_ABOUT_RETURN_TYPE = YES_ERROR;
				GCC_WARN_UNDECLARED_SELECTOR = YES;
				GCC_WARN_UNINITIALIZED_AUTOS = YES_AGGRESSIVE;
				GCC_WARN_UNUSED_FUNCTION = YES;
				GCC_WARN_UNUSED_VARIABLE = YES;
				IPHONEOS_DEPLOYMENT_TARGET = 12.2;
				MTL_ENABLE_DEBUG_INFO = INCLUDE_SOURCE;
				MTL_FAST_MATH = YES;
				ONLY_ACTIVE_ARCH = YES;
				SDKROOT = iphoneos;
				SWIFT_ACTIVE_COMPILATION_CONDITIONS = DEBUG;
				SWIFT_OPTIMIZATION_LEVEL = "-Onone";
			};
			name = Debug;
		};
		DD147EEA235539AB00E04BDF /* Release */ = {
			isa = XCBuildConfiguration;
			buildSettings = {
				ALWAYS_SEARCH_USER_PATHS = NO;
				CLANG_ANALYZER_NONNULL = YES;
				CLANG_ANALYZER_NUMBER_OBJECT_CONVERSION = YES_AGGRESSIVE;
				CLANG_CXX_LANGUAGE_STANDARD = "gnu++14";
				CLANG_CXX_LIBRARY = "libc++";
				CLANG_ENABLE_MODULES = YES;
				CLANG_ENABLE_OBJC_ARC = YES;
				CLANG_ENABLE_OBJC_WEAK = YES;
				CLANG_WARN_BLOCK_CAPTURE_AUTORELEASING = YES;
				CLANG_WARN_BOOL_CONVERSION = YES;
				CLANG_WARN_COMMA = YES;
				CLANG_WARN_CONSTANT_CONVERSION = YES;
				CLANG_WARN_DEPRECATED_OBJC_IMPLEMENTATIONS = YES;
				CLANG_WARN_DIRECT_OBJC_ISA_USAGE = YES_ERROR;
				CLANG_WARN_DOCUMENTATION_COMMENTS = YES;
				CLANG_WARN_EMPTY_BODY = YES;
				CLANG_WARN_ENUM_CONVERSION = YES;
				CLANG_WARN_INFINITE_RECURSION = YES;
				CLANG_WARN_INT_CONVERSION = YES;
				CLANG_WARN_NON_LITERAL_NULL_CONVERSION = YES;
				CLANG_WARN_OBJC_IMPLICIT_RETAIN_SELF = YES;
				CLANG_WARN_OBJC_LITERAL_CONVERSION = YES;
				CLANG_WARN_OBJC_ROOT_CLASS = YES_ERROR;
				CLANG_WARN_RANGE_LOOP_ANALYSIS = YES;
				CLANG_WARN_STRICT_PROTOTYPES = YES;
				CLANG_WARN_SUSPICIOUS_MOVE = YES;
				CLANG_WARN_UNGUARDED_AVAILABILITY = YES_AGGRESSIVE;
				CLANG_WARN_UNREACHABLE_CODE = YES;
				CLANG_WARN__DUPLICATE_METHOD_MATCH = YES;
				CODE_SIGN_IDENTITY = "iPhone Developer";
				COPY_PHASE_STRIP = NO;
				DEBUG_INFORMATION_FORMAT = "dwarf-with-dsym";
				ENABLE_NS_ASSERTIONS = NO;
				ENABLE_STRICT_OBJC_MSGSEND = YES;
				GCC_C_LANGUAGE_STANDARD = gnu11;
				GCC_NO_COMMON_BLOCKS = YES;
				GCC_WARN_64_TO_32_BIT_CONVERSION = YES;
				GCC_WARN_ABOUT_RETURN_TYPE = YES_ERROR;
				GCC_WARN_UNDECLARED_SELECTOR = YES;
				GCC_WARN_UNINITIALIZED_AUTOS = YES_AGGRESSIVE;
				GCC_WARN_UNUSED_FUNCTION = YES;
				GCC_WARN_UNUSED_VARIABLE = YES;
				IPHONEOS_DEPLOYMENT_TARGET = 12.2;
				MTL_ENABLE_DEBUG_INFO = NO;
				MTL_FAST_MATH = YES;
				SDKROOT = iphoneos;
				SWIFT_COMPILATION_MODE = wholemodule;
				SWIFT_OPTIMIZATION_LEVEL = "-O";
				VALIDATE_PRODUCT = YES;
			};
			name = Release;
		};
		DD147EEC235539AB00E04BDF /* Debug */ = {
			isa = XCBuildConfiguration;
			baseConfigurationReference = 3FB84CC64CDB2652724F1BE3 /* Pods-MVPTest.debug.xcconfig */;
			buildSettings = {
				ASSETCATALOG_COMPILER_APPICON_NAME = AppIcon;
				CODE_SIGN_STYLE = Automatic;
				INFOPLIST_FILE = MVPTest/Info.plist;
				LD_RUNPATH_SEARCH_PATHS = (
					"$(inherited)",
					"@executable_path/Frameworks",
				);
				PRODUCT_BUNDLE_IDENTIFIER = test.MVPTest;
				PRODUCT_NAME = "$(TARGET_NAME)";
				SWIFT_VERSION = 5.0;
				TARGETED_DEVICE_FAMILY = "1,2";
			};
			name = Debug;
		};
		DD147EED235539AB00E04BDF /* Release */ = {
			isa = XCBuildConfiguration;
			baseConfigurationReference = D6CF0C9A6BDE51EBB7904704 /* Pods-MVPTest.release.xcconfig */;
			buildSettings = {
				ASSETCATALOG_COMPILER_APPICON_NAME = AppIcon;
				CODE_SIGN_STYLE = Automatic;
				INFOPLIST_FILE = MVPTest/Info.plist;
				LD_RUNPATH_SEARCH_PATHS = (
					"$(inherited)",
					"@executable_path/Frameworks",
				);
				PRODUCT_BUNDLE_IDENTIFIER = test.MVPTest;
				PRODUCT_NAME = "$(TARGET_NAME)";
				SWIFT_VERSION = 5.0;
				TARGETED_DEVICE_FAMILY = "1,2";
			};
			name = Release;
		};
/* End XCBuildConfiguration section */

/* Begin XCConfigurationList section */
		DD147ED4235539AA00E04BDF /* Build configuration list for PBXProject "MVPTest" */ = {
			isa = XCConfigurationList;
			buildConfigurations = (
				DD147EE9235539AB00E04BDF /* Debug */,
				DD147EEA235539AB00E04BDF /* Release */,
			);
			defaultConfigurationIsVisible = 0;
			defaultConfigurationName = Release;
		};
		DD147EEB235539AB00E04BDF /* Build configuration list for PBXNativeTarget "MVPTest" */ = {
			isa = XCConfigurationList;
			buildConfigurations = (
				DD147EEC235539AB00E04BDF /* Debug */,
				DD147EED235539AB00E04BDF /* Release */,
			);
			defaultConfigurationIsVisible = 0;
			defaultConfigurationName = Release;
		};
/* End XCConfigurationList section */
	};
	rootObject = DD147ED1235539AA00E04BDF /* Project object */;
}
